{
  "name": "new-agents",
  "lockfileVersion": 3,
  "requires": true,
  "packages": {
    "": {
      "name": "new-agents",
      "dependencies": {
        "@action-llama/action-llama": "github:Action-Llama/action-llama#main"
      }
    },
    "node_modules/@action-llama/action-llama": {
      "resolved": "git+ssh://git@github.com/Action-Llama/action-llama.git#8a14b27881d0173cc0a1364cf624c9cfee3f129c",
      "workspaces": [
        "packages/*"
      ],
      "engines": {
        "node": ">=20"
      }
    }
  }
}
