{
  "name": "new-agents",
  "lockfileVersion": 3,
  "requires": true,
  "packages": {
    "": {
      "name": "new-agents",
      "dependencies": {
        "@action-llama/action-llama": "github:Action-Llama/action-llama#main"
      }
    },
    "node_modules/@action-llama/action-llama": {
      "resolved": "git+ssh://git@github.com/Action-Llama/action-llama.git#f38fb8ca35e2e77b66efed88359bf94c02eae467",
      "workspaces": [
        "packages/*"
      ],
      "engines": {
        "node": ">=20"
      }
    }
  }
}
